// !$*UTF8*$!
{
	archiveVersion = 1;
	classes = {
	};
	objectVersion = 56;
	objects = {

/* Begin PBXBuildFile section */
		08EF13692A8A0709001101A0 /* Model.swift in Sources */ = {isa = PBXBuildFile; fileRef = 08EF13682A8A0709001101A0 /* Model.swift */; };
		08EF136B2A8A0825001101A0 /* DataManager.swift in Sources */ = {isa = PBXBuildFile; fileRef = 08EF136A2A8A0825001101A0 /* DataManager.swift */; };
		08EF13732A8A1B65001101A0 /* TabBarController.swift in Sources */ = {isa = PBXBuildFile; fileRef = 08EF13722A8A1B65001101A0 /* TabBarController.swift */; };
		08EF13752A8A30DD001101A0 /* myTableViewCell.swift in Sources */ = {isa = PBXBuildFile; fileRef = 08EF13742A8A30DD001101A0 /* myTableViewCell.swift */; };
		08EF13782A8A3CCF001101A0 /* AddPostViewController.swift in Sources */ = {isa = PBXBuildFile; fileRef = 08EF13772A8A3CCF001101A0 /* AddPostViewController.swift */; };
		08EF137A2A8A3CDA001101A0 /* AddPostViewController.storyboard in Resources */ = {isa = PBXBuildFile; fileRef = 08EF13792A8A3CDA001101A0 /* AddPostViewController.storyboard */; };
		E20C22052A8A03F20054A586 /* AppDelegate.swift in Sources */ = {isa = PBXBuildFile; fileRef = E20C22042A8A03F20054A586 /* AppDelegate.swift */; };
		E20C22072A8A03F20054A586 /* SceneDelegate.swift in Sources */ = {isa = PBXBuildFile; fileRef = E20C22062A8A03F20054A586 /* SceneDelegate.swift */; };
		E20C220E2A8A03F40054A586 /* Assets.xcassets in Resources */ = {isa = PBXBuildFile; fileRef = E20C220D2A8A03F40054A586 /* Assets.xcassets */; };
		E20C22112A8A03F40054A586 /* LaunchScreen.storyboard in Resources */ = {isa = PBXBuildFile; fileRef = E20C220F2A8A03F40054A586 /* LaunchScreen.storyboard */; };
		E20C221E2A8A0F620054A586 /* HomeViewController.swift in Sources */ = {isa = PBXBuildFile; fileRef = E20C221D2A8A0F620054A586 /* HomeViewController.swift */; };
		E20C22202A8A0F700054A586 /* HomeStoryboard.storyboard in Resources */ = {isa = PBXBuildFile; fileRef = E20C221F2A8A0F700054A586 /* HomeStoryboard.storyboard */; };
		E20C22232A8A0FF70054A586 /* DetailViewController.swift in Sources */ = {isa = PBXBuildFile; fileRef = E20C22222A8A0FF70054A586 /* DetailViewController.swift */; };
		E20C22252A8A10000054A586 /* DetailStoryboard.storyboard in Resources */ = {isa = PBXBuildFile; fileRef = E20C22242A8A10000054A586 /* DetailStoryboard.storyboard */; };
		E20C22272A8A100D0054A586 /* MyInfoViewController.swift in Sources */ = {isa = PBXBuildFile; fileRef = E20C22262A8A100D0054A586 /* MyInfoViewController.swift */; };
		E20C22292A8A10170054A586 /* MyInfoViewController.storyboard in Resources */ = {isa = PBXBuildFile; fileRef = E20C22282A8A10170054A586 /* MyInfoViewController.storyboard */; };
		E20C222B2A8A102B0054A586 /* SearchViewController.swift in Sources */ = {isa = PBXBuildFile; fileRef = E20C222A2A8A102B0054A586 /* SearchViewController.swift */; };
		E20C222D2A8A10350054A586 /* SearchViewController.storyboard in Resources */ = {isa = PBXBuildFile; fileRef = E20C222C2A8A10350054A586 /* SearchViewController.storyboard */; };
/* End PBXBuildFile section */

/* Begin PBXFileReference section */
		08EF13682A8A0709001101A0 /* Model.swift */ = {isa = PBXFileReference; lastKnownFileType = sourcecode.swift; path = Model.swift; sourceTree = "<group>"; };
		08EF136A2A8A0825001101A0 /* DataManager.swift */ = {isa = PBXFileReference; lastKnownFileType = sourcecode.swift; path = DataManager.swift; sourceTree = "<group>"; };
		08EF13722A8A1B65001101A0 /* TabBarController.swift */ = {isa = PBXFileReference; lastKnownFileType = sourcecode.swift; path = TabBarController.swift; sourceTree = "<group>"; };
		08EF13742A8A30DD001101A0 /* myTableViewCell.swift */ = {isa = PBXFileReference; lastKnownFileType = sourcecode.swift; path = myTableViewCell.swift; sourceTree = "<group>"; };
		08EF13772A8A3CCF001101A0 /* AddPostViewController.swift */ = {isa = PBXFileReference; lastKnownFileType = sourcecode.swift; path = AddPostViewController.swift; sourceTree = "<group>"; };
		08EF13792A8A3CDA001101A0 /* AddPostViewController.storyboard */ = {isa = PBXFileReference; lastKnownFileType = file.storyboard; path = AddPostViewController.storyboard; sourceTree = "<group>"; };
		E20C22012A8A03F20054A586 /* Anabada.app */ = {isa = PBXFileReference; explicitFileType = wrapper.application; includeInIndex = 0; path = Anabada.app; sourceTree = BUILT_PRODUCTS_DIR; };
		E20C22042A8A03F20054A586 /* AppDelegate.swift */ = {isa = PBXFileReference; lastKnownFileType = sourcecode.swift; path = AppDelegate.swift; sourceTree = "<group>"; };
		E20C22062A8A03F20054A586 /* SceneDelegate.swift */ = {isa = PBXFileReference; lastKnownFileType = sourcecode.swift; path = SceneDelegate.swift; sourceTree = "<group>"; };
		E20C220D2A8A03F40054A586 /* Assets.xcassets */ = {isa = PBXFileReference; lastKnownFileType = folder.assetcatalog; path = Assets.xcassets; sourceTree = "<group>"; };
		E20C22102A8A03F40054A586 /* Base */ = {isa = PBXFileReference; lastKnownFileType = file.storyboard; name = Base; path = Base.lproj/LaunchScreen.storyboard; sourceTree = "<group>"; };
		E20C22122A8A03F40054A586 /* Info.plist */ = {isa = PBXFileReference; lastKnownFileType = text.plist.xml; path = Info.plist; sourceTree = "<group>"; };
		E20C221D2A8A0F620054A586 /* HomeViewController.swift */ = {isa = PBXFileReference; lastKnownFileType = sourcecode.swift; path = HomeViewController.swift; sourceTree = "<group>"; };
		E20C221F2A8A0F700054A586 /* HomeStoryboard.storyboard */ = {isa = PBXFileReference; lastKnownFileType = file.storyboard; path = HomeStoryboard.storyboard; sourceTree = "<group>"; };
		E20C22222A8A0FF70054A586 /* DetailViewController.swift */ = {isa = PBXFileReference; lastKnownFileType = sourcecode.swift; path = DetailViewController.swift; sourceTree = "<group>"; };
		E20C22242A8A10000054A586 /* DetailStoryboard.storyboard */ = {isa = PBXFileReference; lastKnownFileType = file.storyboard; path = DetailStoryboard.storyboard; sourceTree = "<group>"; };
		E20C22262A8A100D0054A586 /* MyInfoViewController.swift */ = {isa = PBXFileReference; lastKnownFileType = sourcecode.swift; path = MyInfoViewController.swift; sourceTree = "<group>"; };
		E20C22282A8A10170054A586 /* MyInfoViewController.storyboard */ = {isa = PBXFileReference; lastKnownFileType = file.storyboard; path = MyInfoViewController.storyboard; sourceTree = "<group>"; };
		E20C222A2A8A102B0054A586 /* SearchViewController.swift */ = {isa = PBXFileReference; lastKnownFileType = sourcecode.swift; path = SearchViewController.swift; sourceTree = "<group>"; };
		E20C222C2A8A10350054A586 /* SearchViewController.storyboard */ = {isa = PBXFileReference; lastKnownFileType = file.storyboard; path = SearchViewController.storyboard; sourceTree = "<group>"; };
/* End PBXFileReference section */

/* Begin PBXFrameworksBuildPhase section */
		E20C21FE2A8A03F20054A586 /* Frameworks */ = {
			isa = PBXFrameworksBuildPhase;
			buildActionMask = 2147483647;
			files = (
			);
			runOnlyForDeploymentPostprocessing = 0;
		};
/* End PBXFrameworksBuildPhase section */

/* Begin PBXGroup section */
		08EF13762A8A3CA7001101A0 /* AddPost */ = {
			isa = PBXGroup;
			children = (
				08EF13772A8A3CCF001101A0 /* AddPostViewController.swift */,
				08EF13792A8A3CDA001101A0 /* AddPostViewController.storyboard */,
			);
			path = AddPost;
			sourceTree = "<group>";
		};
		E20C21F82A8A03F20054A586 = {
			isa = PBXGroup;
			children = (
				E20C22032A8A03F20054A586 /* Anabada */,
				E20C22022A8A03F20054A586 /* Products */,
			);
			sourceTree = "<group>";
		};
		E20C22022A8A03F20054A586 /* Products */ = {
			isa = PBXGroup;
			children = (
				E20C22012A8A03F20054A586 /* Anabada.app */,
			);
			name = Products;
			sourceTree = "<group>";
		};
		E20C22032A8A03F20054A586 /* Anabada */ = {
			isa = PBXGroup;
			children = (
				08EF13762A8A3CA7001101A0 /* AddPost */,
				E20C221B2A8A0E920054A586 /* Resource */,
				E20C22212A8A0FD10054A586 /* Detail */,
				E20C221A2A8A0E790054A586 /* MyInfo */,
				E20C22192A8A0E3F0054A586 /* Search */,
				E20C22182A8A0E350054A586 /* Home */,
				E20C221C2A8A0EEF0054A586 /* Model */,
			);
			path = Anabada;
			sourceTree = "<group>";
		};
		E20C22182A8A0E350054A586 /* Home */ = {
			isa = PBXGroup;
			children = (
				E20C221D2A8A0F620054A586 /* HomeViewController.swift */,
				08EF13742A8A30DD001101A0 /* myTableViewCell.swift */,
				E20C221F2A8A0F700054A586 /* HomeStoryboard.storyboard */,
				08EF13722A8A1B65001101A0 /* TabBarController.swift */,
			);
			path = Home;
			sourceTree = "<group>";
		};
		E20C22192A8A0E3F0054A586 /* Search */ = {
			isa = PBXGroup;
			children = (
				E20C222A2A8A102B0054A586 /* SearchViewController.swift */,
				E20C222C2A8A10350054A586 /* SearchViewController.storyboard */,
			);
			path = Search;
			sourceTree = "<group>";
		};
		E20C221A2A8A0E790054A586 /* MyInfo */ = {
			isa = PBXGroup;
			children = (
				E20C22262A8A100D0054A586 /* MyInfoViewController.swift */,
				E20C22282A8A10170054A586 /* MyInfoViewController.storyboard */,
			);
			path = MyInfo;
			sourceTree = "<group>";
		};
		E20C221B2A8A0E920054A586 /* Resource */ = {
			isa = PBXGroup;
			children = (
				E20C220F2A8A03F40054A586 /* LaunchScreen.storyboard */,
				E20C22042A8A03F20054A586 /* AppDelegate.swift */,
				E20C22062A8A03F20054A586 /* SceneDelegate.swift */,
				E20C220D2A8A03F40054A586 /* Assets.xcassets */,
				E20C22122A8A03F40054A586 /* Info.plist */,
			);
			path = Resource;
			sourceTree = "<group>";
		};
		E20C221C2A8A0EEF0054A586 /* Model */ = {
			isa = PBXGroup;
			children = (
				08EF13682A8A0709001101A0 /* Model.swift */,
				08EF136A2A8A0825001101A0 /* DataManager.swift */,
			);
			path = Model;
			sourceTree = "<group>";
		};
		E20C22212A8A0FD10054A586 /* Detail */ = {
			isa = PBXGroup;
			children = (
				E20C22222A8A0FF70054A586 /* DetailViewController.swift */,
				E20C22242A8A10000054A586 /* DetailStoryboard.storyboard */,
			);
			path = Detail;
			sourceTree = "<group>";
		};
/* End PBXGroup section */

/* Begin PBXNativeTarget section */
		E20C22002A8A03F20054A586 /* Anabada */ = {
			isa = PBXNativeTarget;
			buildConfigurationList = E20C22152A8A03F40054A586 /* Build configuration list for PBXNativeTarget "Anabada" */;
			buildPhases = (
				E20C21FD2A8A03F20054A586 /* Sources */,
				E20C21FE2A8A03F20054A586 /* Frameworks */,
				E20C21FF2A8A03F20054A586 /* Resources */,
			);
			buildRules = (
			);
			dependencies = (
			);
			name = Anabada;
			productName = Anabada;
			productReference = E20C22012A8A03F20054A586 /* Anabada.app */;
			productType = "com.apple.product-type.application";
		};
/* End PBXNativeTarget section */

/* Begin PBXProject section */
		E20C21F92A8A03F20054A586 /* Project object */ = {
			isa = PBXProject;
			attributes = {
				BuildIndependentTargetsInParallel = 1;
				LastSwiftUpdateCheck = 1430;
				LastUpgradeCheck = 1430;
				TargetAttributes = {
					E20C22002A8A03F20054A586 = {
						CreatedOnToolsVersion = 14.3;
					};
				};
			};
			buildConfigurationList = E20C21FC2A8A03F20054A586 /* Build configuration list for PBXProject "Anabada" */;
			compatibilityVersion = "Xcode 14.0";
			developmentRegion = en;
			hasScannedForEncodings = 0;
			knownRegions = (
				en,
				Base,
			);
			mainGroup = E20C21F82A8A03F20054A586;
			productRefGroup = E20C22022A8A03F20054A586 /* Products */;
			projectDirPath = "";
			projectRoot = "";
			targets = (
				E20C22002A8A03F20054A586 /* Anabada */,
			);
		};
/* End PBXProject section */

/* Begin PBXResourcesBuildPhase section */
		E20C21FF2A8A03F20054A586 /* Resources */ = {
			isa = PBXResourcesBuildPhase;
			buildActionMask = 2147483647;
			files = (
				E20C222D2A8A10350054A586 /* SearchViewController.storyboard in Resources */,
				E20C22112A8A03F40054A586 /* LaunchScreen.storyboard in Resources */,
				E20C220E2A8A03F40054A586 /* Assets.xcassets in Resources */,
				E20C22202A8A0F700054A586 /* HomeStoryboard.storyboard in Resources */,
				08EF137A2A8A3CDA001101A0 /* AddPostViewController.storyboard in Resources */,
				E20C22292A8A10170054A586 /* MyInfoViewController.storyboard in Resources */,
				E20C22252A8A10000054A586 /* DetailStoryboard.storyboard in Resources */,
			);
			runOnlyForDeploymentPostprocessing = 0;
		};
/* End PBXResourcesBuildPhase section */

/* Begin PBXSourcesBuildPhase section */
		E20C21FD2A8A03F20054A586 /* Sources */ = {
			isa = PBXSourcesBuildPhase;
			buildActionMask = 2147483647;
			files = (
				08EF136B2A8A0825001101A0 /* DataManager.swift in Sources */,
				E20C22052A8A03F20054A586 /* AppDelegate.swift in Sources */,
				E20C222B2A8A102B0054A586 /* SearchViewController.swift in Sources */,
				08EF13732A8A1B65001101A0 /* TabBarController.swift in Sources */,
				E20C22072A8A03F20054A586 /* SceneDelegate.swift in Sources */,
				08EF13752A8A30DD001101A0 /* myTableViewCell.swift in Sources */,
				08EF13692A8A0709001101A0 /* Model.swift in Sources */,
				E20C221E2A8A0F620054A586 /* HomeViewController.swift in Sources */,
				E20C22272A8A100D0054A586 /* MyInfoViewController.swift in Sources */,
				08EF13782A8A3CCF001101A0 /* AddPostViewController.swift in Sources */,
				E20C22232A8A0FF70054A586 /* DetailViewController.swift in Sources */,
			);
			runOnlyForDeploymentPostprocessing = 0;
		};
/* End PBXSourcesBuildPhase section */

/* Begin PBXVariantGroup section */
		E20C220F2A8A03F40054A586 /* LaunchScreen.storyboard */ = {
			isa = PBXVariantGroup;
			children = (
				E20C22102A8A03F40054A586 /* Base */,
			);
			name = LaunchScreen.storyboard;
			sourceTree = "<group>";
		};
/* End PBXVariantGroup section */

/* Begin XCBuildConfiguration section */
		E20C22132A8A03F40054A586 /* Debug */ = {
			isa = XCBuildConfiguration;
			buildSettings = {
				ALWAYS_SEARCH_USER_PATHS = NO;
				CLANG_ANALYZER_NONNULL = YES;
				CLANG_ANALYZER_NUMBER_OBJECT_CONVERSION = YES_AGGRESSIVE;
				CLANG_CXX_LANGUAGE_STANDARD = "gnu++20";
				CLANG_ENABLE_MODULES = YES;
				CLANG_ENABLE_OBJC_ARC = YES;
				CLANG_ENABLE_OBJC_WEAK = YES;
				CLANG_WARN_BLOCK_CAPTURE_AUTORELEASING = YES;
				CLANG_WARN_BOOL_CONVERSION = YES;
				CLANG_WARN_COMMA = YES;
				CLANG_WARN_CONSTANT_CONVERSION = YES;
				CLANG_WARN_DEPRECATED_OBJC_IMPLEMENTATIONS = YES;
				CLANG_WARN_DIRECT_OBJC_ISA_USAGE = YES_ERROR;
				CLANG_WARN_DOCUMENTATION_COMMENTS = YES;
				CLANG_WARN_EMPTY_BODY = YES;
				CLANG_WARN_ENUM_CONVERSION = YES;
				CLANG_WARN_INFINITE_RECURSION = YES;
				CLANG_WARN_INT_CONVERSION = YES;
				CLANG_WARN_NON_LITERAL_NULL_CONVERSION = YES;
				CLANG_WARN_OBJC_IMPLICIT_RETAIN_SELF = YES;
				CLANG_WARN_OBJC_LITERAL_CONVERSION = YES;
				CLANG_WARN_OBJC_ROOT_CLASS = YES_ERROR;
				CLANG_WARN_QUOTED_INCLUDE_IN_FRAMEWORK_HEADER = YES;
				CLANG_WARN_RANGE_LOOP_ANALYSIS = YES;
				CLANG_WARN_STRICT_PROTOTYPES = YES;
				CLANG_WARN_SUSPICIOUS_MOVE = YES;
				CLANG_WARN_UNGUARDED_AVAILABILITY = YES_AGGRESSIVE;
				CLANG_WARN_UNREACHABLE_CODE = YES;
				CLANG_WARN__DUPLICATE_METHOD_MATCH = YES;
				COPY_PHASE_STRIP = NO;
				DEBUG_INFORMATION_FORMAT = dwarf;
				ENABLE_STRICT_OBJC_MSGSEND = YES;
				ENABLE_TESTABILITY = YES;
				GCC_C_LANGUAGE_STANDARD = gnu11;
				GCC_DYNAMIC_NO_PIC = NO;
				GCC_NO_COMMON_BLOCKS = YES;
				GCC_OPTIMIZATION_LEVEL = 0;
				GCC_PREPROCESSOR_DEFINITIONS = (
					"DEBUG=1",
					"$(inherited)",
				);
				GCC_WARN_64_TO_32_BIT_CONVERSION = YES;
				GCC_WARN_ABOUT_RETURN_TYPE = YES_ERROR;
				GCC_WARN_UNDECLARED_SELECTOR = YES;
				GCC_WARN_UNINITIALIZED_AUTOS = YES_AGGRESSIVE;
				GCC_WARN_UNUSED_FUNCTION = YES;
				GCC_WARN_UNUSED_VARIABLE = YES;
				IPHONEOS_DEPLOYMENT_TARGET = 16.4;
				MTL_ENABLE_DEBUG_INFO = INCLUDE_SOURCE;
				MTL_FAST_MATH = YES;
				ONLY_ACTIVE_ARCH = YES;
				SDKROOT = iphoneos;
				SWIFT_ACTIVE_COMPILATION_CONDITIONS = DEBUG;
				SWIFT_OPTIMIZATION_LEVEL = "-Onone";
			};
			name = Debug;
		};
		E20C22142A8A03F40054A586 /* Release */ = {
			isa = XCBuildConfiguration;
			buildSettings = {
				ALWAYS_SEARCH_USER_PATHS = NO;
				CLANG_ANALYZER_NONNULL = YES;
				CLANG_ANALYZER_NUMBER_OBJECT_CONVERSION = YES_AGGRESSIVE;
				CLANG_CXX_LANGUAGE_STANDARD = "gnu++20";
				CLANG_ENABLE_MODULES = YES;
				CLANG_ENABLE_OBJC_ARC = YES;
				CLANG_ENABLE_OBJC_WEAK = YES;
				CLANG_WARN_BLOCK_CAPTURE_AUTORELEASING = YES;
				CLANG_WARN_BOOL_CONVERSION = YES;
				CLANG_WARN_COMMA = YES;
				CLANG_WARN_CONSTANT_CONVERSION = YES;
				CLANG_WARN_DEPRECATED_OBJC_IMPLEMENTATIONS = YES;
				CLANG_WARN_DIRECT_OBJC_ISA_USAGE = YES_ERROR;
				CLANG_WARN_DOCUMENTATION_COMMENTS = YES;
				CLANG_WARN_EMPTY_BODY = YES;
				CLANG_WARN_ENUM_CONVERSION = YES;
				CLANG_WARN_INFINITE_RECURSION = YES;
				CLANG_WARN_INT_CONVERSION = YES;
				CLANG_WARN_NON_LITERAL_NULL_CONVERSION = YES;
				CLANG_WARN_OBJC_IMPLICIT_RETAIN_SELF = YES;
				CLANG_WARN_OBJC_LITERAL_CONVERSION = YES;
				CLANG_WARN_OBJC_ROOT_CLASS = YES_ERROR;
				CLANG_WARN_QUOTED_INCLUDE_IN_FRAMEWORK_HEADER = YES;
				CLANG_WARN_RANGE_LOOP_ANALYSIS = YES;
				CLANG_WARN_STRICT_PROTOTYPES = YES;
				CLANG_WARN_SUSPICIOUS_MOVE = YES;
				CLANG_WARN_UNGUARDED_AVAILABILITY = YES_AGGRESSIVE;
				CLANG_WARN_UNREACHABLE_CODE = YES;
				CLANG_WARN__DUPLICATE_METHOD_MATCH = YES;
				COPY_PHASE_STRIP = NO;
				DEBUG_INFORMATION_FORMAT = "dwarf-with-dsym";
				ENABLE_NS_ASSERTIONS = NO;
				ENABLE_STRICT_OBJC_MSGSEND = YES;
				GCC_C_LANGUAGE_STANDARD = gnu11;
				GCC_NO_COMMON_BLOCKS = YES;
				GCC_WARN_64_TO_32_BIT_CONVERSION = YES;
				GCC_WARN_ABOUT_RETURN_TYPE = YES_ERROR;
				GCC_WARN_UNDECLARED_SELECTOR = YES;
				GCC_WARN_UNINITIALIZED_AUTOS = YES_AGGRESSIVE;
				GCC_WARN_UNUSED_FUNCTION = YES;
				GCC_WARN_UNUSED_VARIABLE = YES;
				IPHONEOS_DEPLOYMENT_TARGET = 16.4;
				MTL_ENABLE_DEBUG_INFO = NO;
				MTL_FAST_MATH = YES;
				SDKROOT = iphoneos;
				SWIFT_COMPILATION_MODE = wholemodule;
				SWIFT_OPTIMIZATION_LEVEL = "-O";
				VALIDATE_PRODUCT = YES;
			};
			name = Release;
		};
		E20C22162A8A03F40054A586 /* Debug */ = {
			isa = XCBuildConfiguration;
			buildSettings = {
				ASSETCATALOG_COMPILER_APPICON_NAME = AppIcon;
				ASSETCATALOG_COMPILER_GLOBAL_ACCENT_COLOR_NAME = AccentColor;
				CODE_SIGN_STYLE = Automatic;
				CURRENT_PROJECT_VERSION = 1;
				DEVELOPMENT_TEAM = 53AWLX6CVV;
				GENERATE_INFOPLIST_FILE = YES;
				INFOPLIST_FILE = Anabada/Resource/Info.plist;
				INFOPLIST_KEY_UIApplicationSupportsIndirectInputEvents = YES;
				INFOPLIST_KEY_UILaunchStoryboardName = LaunchScreen;
				INFOPLIST_KEY_UIMainStoryboardFile = HomeStoryboard;
				INFOPLIST_KEY_UISupportedInterfaceOrientations_iPad = "UIInterfaceOrientationPortrait UIInterfaceOrientationPortraitUpsideDown UIInterfaceOrientationLandscapeLeft UIInterfaceOrientationLandscapeRight";
				INFOPLIST_KEY_UISupportedInterfaceOrientations_iPhone = "UIInterfaceOrientationPortrait UIInterfaceOrientationLandscapeLeft UIInterfaceOrientationLandscapeRight";
				LD_RUNPATH_SEARCH_PATHS = (
					"$(inherited)",
					"@executable_path/Frameworks",
				);
				MARKETING_VERSION = 1.0;
				PRODUCT_BUNDLE_IDENTIFIER = net.eunseo.Anabada;
				PRODUCT_NAME = "$(TARGET_NAME)";
				SWIFT_EMIT_LOC_STRINGS = YES;
				SWIFT_VERSION = 5.0;
				TARGETED_DEVICE_FAMILY = "1,2";
			};
			name = Debug;
		};
		E20C22172A8A03F40054A586 /* Release */ = {
			isa = XCBuildConfiguration;
			buildSettings = {
				ASSETCATALOG_COMPILER_APPICON_NAME = AppIcon;
				ASSETCATALOG_COMPILER_GLOBAL_ACCENT_COLOR_NAME = AccentColor;
				CODE_SIGN_STYLE = Automatic;
				CURRENT_PROJECT_VERSION = 1;
				DEVELOPMENT_TEAM = 53AWLX6CVV;
				GENERATE_INFOPLIST_FILE = YES;
				INFOPLIST_FILE = Anabada/Resource/Info.plist;
				INFOPLIST_KEY_UIApplicationSupportsIndirectInputEvents = YES;
				INFOPLIST_KEY_UILaunchStoryboardName = LaunchScreen;
				INFOPLIST_KEY_UIMainStoryboardFile = HomeStoryboard;
				INFOPLIST_KEY_UISupportedInterfaceOrientations_iPad = "UIInterfaceOrientationPortrait UIInterfaceOrientationPortraitUpsideDown UIInterfaceOrientationLandscapeLeft UIInterfaceOrientationLandscapeRight";
				INFOPLIST_KEY_UISupportedInterfaceOrientations_iPhone = "UIInterfaceOrientationPortrait UIInterfaceOrientationLandscapeLeft UIInterfaceOrientationLandscapeRight";
				LD_RUNPATH_SEARCH_PATHS = (
					"$(inherited)",
					"@executable_path/Frameworks",
				);
				MARKETING_VERSION = 1.0;
				PRODUCT_BUNDLE_IDENTIFIER = net.eunseo.Anabada;
				PRODUCT_NAME = "$(TARGET_NAME)";
				SWIFT_EMIT_LOC_STRINGS = YES;
				SWIFT_VERSION = 5.0;
				TARGETED_DEVICE_FAMILY = "1,2";
			};
			name = Release;
		};
/* End XCBuildConfiguration section */

/* Begin XCConfigurationList section */
		E20C21FC2A8A03F20054A586 /* Build configuration list for PBXProject "Anabada" */ = {
			isa = XCConfigurationList;
			buildConfigurations = (
				E20C22132A8A03F40054A586 /* Debug */,
				E20C22142A8A03F40054A586 /* Release */,
			);
			defaultConfigurationIsVisible = 0;
			defaultConfigurationName = Release;
		};
		E20C22152A8A03F40054A586 /* Build configuration list for PBXNativeTarget "Anabada" */ = {
			isa = XCConfigurationList;
			buildConfigurations = (
				E20C22162A8A03F40054A586 /* Debug */,
				E20C22172A8A03F40054A586 /* Release */,
			);
			defaultConfigurationIsVisible = 0;
			defaultConfigurationName = Release;
		};
/* End XCConfigurationList section */
	};
	rootObject = E20C21F92A8A03F20054A586 /* Project object */;
}
